// !$*UTF8*$!
{
	archiveVersion = 1;
	classes = {
	};
	objectVersion = 50;
	objects = {

/* Begin PBXBuildFile section */
		0165FDC3916144A256B6EAFB /* SharedIOS.framework in Embed Frameworks */ = {isa = PBXBuildFile; fileRef = C2147B54BE7A4A5949218477 /* SharedIOS.framework */; settings = {ATTRIBUTES = (CodeSignOnCopy, RemoveHeadersOnCopy, ); }; };
		07B7A18B388C65A6A9750F86 /* Artist.strings in Resources */ = {isa = PBXBuildFile; fileRef = D0AD834B2D23AB02989D0B2A /* Artist.strings */; };
		09AD9FFA5648BED85245FDBF /* UI.framework in Frameworks */ = {isa = PBXBuildFile; fileRef = 12D664E27E0FAD0500A11ECF /* UI.framework */; };
		0D6E7FF1D536F42DC3533F9F /* TuistStrings+ArtistIOS.swift in Sources */ = {isa = PBXBuildFile; fileRef = F7491E37417CBB3BCD9852E1 /* TuistStrings+ArtistIOS.swift */; };
		0E6A967A5FFC554B255D9451 /* Networking.framework in Embed Frameworks */ = {isa = PBXBuildFile; fileRef = DD54DB8955B614E6BA30982B /* Networking.framework */; settings = {ATTRIBUTES = (CodeSignOnCopy, RemoveHeadersOnCopy, ); }; };
		0EAE17B9F4E9A44CEF3658DF /* Artist.framework in Frameworks */ = {isa = PBXBuildFile; fileRef = 99DEB5F180440477F9500360 /* Artist.framework */; };
		0FA838DF2B9349E675313226 /* Core.framework in Frameworks */ = {isa = PBXBuildFile; fileRef = 5D0B128330D371D78F4397B8 /* Core.framework */; };
		1A2B133CEE32E1E2D5AFF163 /* AppDelegate.swift in Sources */ = {isa = PBXBuildFile; fileRef = 6DB65F82367255EAE22A4E7C /* AppDelegate.swift */; };
		2F3504BF98F8CD505BCAFEDC /* ArtistIOS.framework in Frameworks */ = {isa = PBXBuildFile; fileRef = B268253FFD1B3463E1E4447A /* ArtistIOS.framework */; };
		30B629184D12BCDC2A777B71 /* ArtistImageTitleRowViewModelAdapter.swift in Sources */ = {isa = PBXBuildFile; fileRef = 1601529E8399E26C3E9664B3 /* ArtistImageTitleRowViewModelAdapter.swift */; };
		336AC2E6A0240F3B179AB6D4 /* TuistAssets+ArtistIOS.swift in Sources */ = {isa = PBXBuildFile; fileRef = 2B12F7F20AAA266271938E78 /* TuistAssets+ArtistIOS.swift */; };
		375687B6C4BAE0DEAF20D084 /* Artist.framework in Frameworks */ = {isa = PBXBuildFile; fileRef = 99DEB5F180440477F9500360 /* Artist.framework */; };
		38058385CAE735155B891303 /* Artist.framework in Frameworks */ = {isa = PBXBuildFile; fileRef = 99DEB5F180440477F9500360 /* Artist.framework */; };
		45590DC5A4C2749F4C1ECDD1 /* WeakReferenceProxy+AlbumLIstCoordinatorDelegate.swift in Sources */ = {isa = PBXBuildFile; fileRef = 9138B9DCEED884D993DC0FB0 /* WeakReferenceProxy+AlbumLIstCoordinatorDelegate.swift */; };
		458541D5B13667BEBAAA49BC /* TuistAssets+ArtistApp.swift in Sources */ = {isa = PBXBuildFile; fileRef = 56714E014DDA3AF88967637F /* TuistAssets+ArtistApp.swift */; };
		4E6601DADBBC278FB8BA657A /* Shared.framework in Embed Frameworks */ = {isa = PBXBuildFile; fileRef = C2372AF75C28967F06773D9D /* Shared.framework */; settings = {ATTRIBUTES = (CodeSignOnCopy, RemoveHeadersOnCopy, ); }; };
		51E2BC7F99A751A9393D5DC3 /* Assets.xcassets in Resources */ = {isa = PBXBuildFile; fileRef = AAAA6A69DBFF86C0C4560A46 /* Assets.xcassets */; };
		52459E91B8E16A8752C68D46 /* LaunchScreen.storyboard in Resources */ = {isa = PBXBuildFile; fileRef = CA9FC44A183327DE24EB74D4 /* LaunchScreen.storyboard */; };
		554ECF3B011D4BD5A3848167 /* UIIOS.framework in Frameworks */ = {isa = PBXBuildFile; fileRef = 8637F062725AB2E8763D9A89 /* UIIOS.framework */; };
		59075DF0E0016C9BF4402078 /* ArtistSearchCoordinator.swift in Sources */ = {isa = PBXBuildFile; fileRef = 636F0C5C763FC370398F6B60 /* ArtistSearchCoordinator.swift */; };
		5D9AB80B9DC5B483A09DE495 /* UI.framework in Embed Frameworks */ = {isa = PBXBuildFile; fileRef = 12D664E27E0FAD0500A11ECF /* UI.framework */; settings = {ATTRIBUTES = (CodeSignOnCopy, RemoveHeadersOnCopy, ); }; };
		5E1900A80182F12E02174E17 /* Testing.framework in Frameworks */ = {isa = PBXBuildFile; fileRef = 711179475A208C64BC0D4D05 /* Testing.framework */; };
		6BBFAF89CC8D2DD5E5FFDA5E /* TuistBundle+ArtistIOS.swift in Sources */ = {isa = PBXBuildFile; fileRef = 47D868B4E8FAD8C7FFDEA02D /* TuistBundle+ArtistIOS.swift */; };
		745F4ABECB5857C123DBCF6F /* Core.framework in Embed Frameworks */ = {isa = PBXBuildFile; fileRef = 5D0B128330D371D78F4397B8 /* Core.framework */; settings = {ATTRIBUTES = (CodeSignOnCopy, RemoveHeadersOnCopy, ); }; };
		808FA57AA0E5834D32BE2093 /* UIIOS.framework in Embed Frameworks */ = {isa = PBXBuildFile; fileRef = 8637F062725AB2E8763D9A89 /* UIIOS.framework */; settings = {ATTRIBUTES = (CodeSignOnCopy, RemoveHeadersOnCopy, ); }; };
		85A711CAB21D0436A8ED51B0 /* FeatureFactory+ArtistSearchViewController.swift in Sources */ = {isa = PBXBuildFile; fileRef = EC9D36D03011958BAB8DB542 /* FeatureFactory+ArtistSearchViewController.swift */; };
		8B38D27FD348E0688FC18462 /* RemoteArtistSearchLoader.swift in Sources */ = {isa = PBXBuildFile; fileRef = 7F51529A82D3634641983295 /* RemoteArtistSearchLoader.swift */; };
		8FE9BA54D4E822E9453A935E /* ArtistIOS.framework in Embed Frameworks */ = {isa = PBXBuildFile; fileRef = B268253FFD1B3463E1E4447A /* ArtistIOS.framework */; settings = {ATTRIBUTES = (CodeSignOnCopy, RemoveHeadersOnCopy, ); }; };
		95F6FCB5458EA0DC00D4E02A /* ArtistSearchLoader.swift in Sources */ = {isa = PBXBuildFile; fileRef = 7DC5B2BA65560204BF71AA73 /* ArtistSearchLoader.swift */; };
		9628E22519764464A468B0DF /* ArtistSearchListViewModel.swift in Sources */ = {isa = PBXBuildFile; fileRef = 9B91E20AAA6542870012B347 /* ArtistSearchListViewModel.swift */; };
		9D338F68FDE9EC4E0EDCB383 /* NetworkTesting.framework in Frameworks */ = {isa = PBXBuildFile; fileRef = 6FC0E270379C7FAA49A54C8B /* NetworkTesting.framework */; };
		A644C0B52165FAE66F23F474 /* ArtistIOS.framework in Frameworks */ = {isa = PBXBuildFile; fileRef = B268253FFD1B3463E1E4447A /* ArtistIOS.framework */; };
		AA60192818BD5B70897C9C22 /* ArtistCoordinatorTests.swift in Sources */ = {isa = PBXBuildFile; fileRef = 5BDCF99B9C04F79C452BEEDD /* ArtistCoordinatorTests.swift */; };
		B0F62AF2B3B3BBA73E056A56 /* FeatureFactory+ArtistEndpoint.swift in Sources */ = {isa = PBXBuildFile; fileRef = 2117B595C90565F2F756D7FB /* FeatureFactory+ArtistEndpoint.swift */; };
		B1B91F7DF0DD8E58A26178F1 /* UI.framework in Frameworks */ = {isa = PBXBuildFile; fileRef = 12D664E27E0FAD0500A11ECF /* UI.framework */; };
		B259D1816FCA029A6DD2CEF9 /* TuistBundle+ArtistApp.swift in Sources */ = {isa = PBXBuildFile; fileRef = EFF8A7C3CE2650B3DCCEC6B1 /* TuistBundle+ArtistApp.swift */; };
		B3AB70FBC45271D3E664BF80 /* Caching.framework in Embed Frameworks */ = {isa = PBXBuildFile; fileRef = DC0DFE86BC2F8EC79419A616 /* Caching.framework */; settings = {ATTRIBUTES = (CodeSignOnCopy, RemoveHeadersOnCopy, ); }; };
		B811FCF82F6FE26CEBA50EFE /* Networking.framework in Frameworks */ = {isa = PBXBuildFile; fileRef = DD54DB8955B614E6BA30982B /* Networking.framework */; };
		B876B4DFDCEB1749603CA989 /* ArtistSearchListView.swift in Sources */ = {isa = PBXBuildFile; fileRef = CFCC9EADAF30FAB516624869 /* ArtistSearchListView.swift */; };
		BA9143EC471D228FAA23941F /* MainCoordinator.swift in Sources */ = {isa = PBXBuildFile; fileRef = 052637A007D81131BAE585B3 /* MainCoordinator.swift */; };
		BBC53C20FD1D02FBC44B16C2 /* AppCoordinator.swift in Sources */ = {isa = PBXBuildFile; fileRef = D97A252223D010A8EEC2EA90 /* AppCoordinator.swift */; };
		CB2AF7DA212A1582B5077440 /* SharedIOS.framework in Frameworks */ = {isa = PBXBuildFile; fileRef = C2147B54BE7A4A5949218477 /* SharedIOS.framework */; };
		CC7C6B6CE497FDC095F592F6 /* ArtistEndpoint.swift in Sources */ = {isa = PBXBuildFile; fileRef = 0F5F6073EE9A14DB3DDBC2F9 /* ArtistEndpoint.swift */; };
		D2493D456845A546C0277F63 /* Networking.framework in Frameworks */ = {isa = PBXBuildFile; fileRef = DD54DB8955B614E6BA30982B /* Networking.framework */; };
		D3725ED174E0A4937DC41300 /* Shared.framework in Frameworks */ = {isa = PBXBuildFile; fileRef = C2372AF75C28967F06773D9D /* Shared.framework */; };
		D55EA928CFA181DA9FD059DA /* Artist.swift in Sources */ = {isa = PBXBuildFile; fileRef = 2A96AA91578DF03B3A0C8D76 /* Artist.swift */; };
		D5896D154E9F9747EB1D5C94 /* ArtistsMapper.swift in Sources */ = {isa = PBXBuildFile; fileRef = 3F7A179FEACB196B948DD36D /* ArtistsMapper.swift */; };
		D6FCF0A1135471094D7527CC /* ArtistAPIIntegrationTests.swift in Sources */ = {isa = PBXBuildFile; fileRef = BCA0E6E3DBFDF71D27C1BA9D /* ArtistAPIIntegrationTests.swift */; };
		E64635ECA59247BCC30F3A5D /* Artist+ImageTitleRowModel.swift in Sources */ = {isa = PBXBuildFile; fileRef = DB3409CF26C266324AE0359C /* Artist+ImageTitleRowModel.swift */; };
		E66A69420EAC0FB08063ED8E /* Testing.framework in Frameworks */ = {isa = PBXBuildFile; fileRef = 711179475A208C64BC0D4D05 /* Testing.framework */; };
		E7527C0EEBBE109068D8DCBB /* Shared.framework in Frameworks */ = {isa = PBXBuildFile; fileRef = C2372AF75C28967F06773D9D /* Shared.framework */; };
		EB85D4D7C53C7BCC1DBEC032 /* Core.framework in Frameworks */ = {isa = PBXBuildFile; fileRef = 5D0B128330D371D78F4397B8 /* Core.framework */; };
		ED0C3C04FADAAB0A95F810FF /* ArtistSearchListViewController.swift in Sources */ = {isa = PBXBuildFile; fileRef = 8B0DE7AA2FED2847C6646564 /* ArtistSearchListViewController.swift */; };
		EDABDDE9C33869E86B29DFAA /* Artist.framework in Embed Frameworks */ = {isa = PBXBuildFile; fileRef = 99DEB5F180440477F9500360 /* Artist.framework */; settings = {ATTRIBUTES = (CodeSignOnCopy, RemoveHeadersOnCopy, ); }; };
		EE9C492906ED11B5DE81C8C9 /* Assets.xcassets in Resources */ = {isa = PBXBuildFile; fileRef = AF0A89463FF0A50EDC75F6F2 /* Assets.xcassets */; };
		F1EB64C7A0861000395D39C8 /* Testing.framework in Frameworks */ = {isa = PBXBuildFile; fileRef = 711179475A208C64BC0D4D05 /* Testing.framework */; };
		F9A96E23984BE46354B38230 /* RemoteArtistSearchLoaderTests.swift in Sources */ = {isa = PBXBuildFile; fileRef = 91086051ED3793767BC719A7 /* RemoteArtistSearchLoaderTests.swift */; };
/* End PBXBuildFile section */

/* Begin PBXContainerItemProxy section */
		04C0C5C99997F6945D95EC63 /* PBXContainerItemProxy */ = {
			isa = PBXContainerItemProxy;
			containerPortal = 0021B1B90C0B303370749365 /* Project object */;
			proxyType = 1;
			remoteGlobalIDString = C6E03CCEB1429AEC58BD8136;
			remoteInfo = Artist;
		};
		2AEB35B39C1C331303EB3CB2 /* PBXContainerItemProxy */ = {
			isa = PBXContainerItemProxy;
			containerPortal = 0021B1B90C0B303370749365 /* Project object */;
			proxyType = 1;
			remoteGlobalIDString = C6E03CCEB1429AEC58BD8136;
			remoteInfo = Artist;
		};
		72FBBE4C15996E89D404CFEE /* PBXContainerItemProxy */ = {
			isa = PBXContainerItemProxy;
			containerPortal = 0021B1B90C0B303370749365 /* Project object */;
			proxyType = 1;
			remoteGlobalIDString = CC6C728E10D826DD226DE4DA;
			remoteInfo = ArtistIOS;
		};
		B4267707416395264674C6BD /* PBXContainerItemProxy */ = {
			isa = PBXContainerItemProxy;
			containerPortal = 0021B1B90C0B303370749365 /* Project object */;
			proxyType = 1;
			remoteGlobalIDString = CC6C728E10D826DD226DE4DA;
			remoteInfo = ArtistIOS;
		};
		DCE0EB720624C0117AA8FC97 /* PBXContainerItemProxy */ = {
			isa = PBXContainerItemProxy;
			containerPortal = 0021B1B90C0B303370749365 /* Project object */;
			proxyType = 1;
			remoteGlobalIDString = C6E03CCEB1429AEC58BD8136;
			remoteInfo = Artist;
		};
/* End PBXContainerItemProxy section */

/* Begin PBXCopyFilesBuildPhase section */
		2EB1A4009F68154847239358 /* Embed Frameworks */ = {
			isa = PBXCopyFilesBuildPhase;
			buildActionMask = 2147483647;
			dstPath = "";
			dstSubfolderSpec = 10;
			files = (
				EDABDDE9C33869E86B29DFAA /* Artist.framework in Embed Frameworks */,
				8FE9BA54D4E822E9453A935E /* ArtistIOS.framework in Embed Frameworks */,
				B3AB70FBC45271D3E664BF80 /* Caching.framework in Embed Frameworks */,
				745F4ABECB5857C123DBCF6F /* Core.framework in Embed Frameworks */,
				0E6A967A5FFC554B255D9451 /* Networking.framework in Embed Frameworks */,
				4E6601DADBBC278FB8BA657A /* Shared.framework in Embed Frameworks */,
				0165FDC3916144A256B6EAFB /* SharedIOS.framework in Embed Frameworks */,
				5D9AB80B9DC5B483A09DE495 /* UI.framework in Embed Frameworks */,
				808FA57AA0E5834D32BE2093 /* UIIOS.framework in Embed Frameworks */,
			);
			name = "Embed Frameworks";
			runOnlyForDeploymentPostprocessing = 0;
		};
		3BA487EE1ED5241F255FE6C5 /* Embed Frameworks */ = {
			isa = PBXCopyFilesBuildPhase;
			buildActionMask = 2147483647;
			dstPath = "";
			dstSubfolderSpec = 10;
			files = (
			);
			name = "Embed Frameworks";
			runOnlyForDeploymentPostprocessing = 0;
		};
		48CECE9E0DF8413CF7D4F306 /* Embed Frameworks */ = {
			isa = PBXCopyFilesBuildPhase;
			buildActionMask = 2147483647;
			dstPath = "";
			dstSubfolderSpec = 10;
			files = (
			);
			name = "Embed Frameworks";
			runOnlyForDeploymentPostprocessing = 0;
		};
		D2E3E1C1B47DAD1E84C8311B /* Embed Frameworks */ = {
			isa = PBXCopyFilesBuildPhase;
			buildActionMask = 2147483647;
			dstPath = "";
			dstSubfolderSpec = 10;
			files = (
			);
			name = "Embed Frameworks";
			runOnlyForDeploymentPostprocessing = 0;
		};
		E9B29682DC6D01385A2BEC29 /* Embed Frameworks */ = {
			isa = PBXCopyFilesBuildPhase;
			buildActionMask = 2147483647;
			dstPath = "";
			dstSubfolderSpec = 10;
			files = (
			);
			name = "Embed Frameworks";
			runOnlyForDeploymentPostprocessing = 0;
		};
		EE590B2EB23301A4249BEB02 /* Embed Frameworks */ = {
			isa = PBXCopyFilesBuildPhase;
			buildActionMask = 2147483647;
			dstPath = "";
			dstSubfolderSpec = 10;
			files = (
			);
			name = "Embed Frameworks";
			runOnlyForDeploymentPostprocessing = 0;
		};
/* End PBXCopyFilesBuildPhase section */

/* Begin PBXFileReference section */
		007F738C245C090F25760D22 /* ArtistApp.app */ = {isa = PBXFileReference; explicitFileType = wrapper.application; includeInIndex = 0; path = ArtistApp.app; sourceTree = BUILT_PRODUCTS_DIR; };
		052637A007D81131BAE585B3 /* MainCoordinator.swift */ = {isa = PBXFileReference; lastKnownFileType = sourcecode.swift; path = MainCoordinator.swift; sourceTree = "<group>"; };
		0F5F6073EE9A14DB3DDBC2F9 /* ArtistEndpoint.swift */ = {isa = PBXFileReference; lastKnownFileType = sourcecode.swift; path = ArtistEndpoint.swift; sourceTree = "<group>"; };
		12D664E27E0FAD0500A11ECF /* UI.framework */ = {isa = PBXFileReference; explicitFileType = wrapper.framework; includeInIndex = 0; path = UI.framework; sourceTree = BUILT_PRODUCTS_DIR; };
		1601529E8399E26C3E9664B3 /* ArtistImageTitleRowViewModelAdapter.swift */ = {isa = PBXFileReference; lastKnownFileType = sourcecode.swift; path = ArtistImageTitleRowViewModelAdapter.swift; sourceTree = "<group>"; };
		2117B595C90565F2F756D7FB /* FeatureFactory+ArtistEndpoint.swift */ = {isa = PBXFileReference; lastKnownFileType = sourcecode.swift; path = "FeatureFactory+ArtistEndpoint.swift"; sourceTree = "<group>"; };
		234272F0770C0094AAE92CED /* Info.plist */ = {isa = PBXFileReference; lastKnownFileType = text.plist; path = Info.plist; sourceTree = "<group>"; };
		2A96AA91578DF03B3A0C8D76 /* Artist.swift */ = {isa = PBXFileReference; lastKnownFileType = sourcecode.swift; path = Artist.swift; sourceTree = "<group>"; };
		2B12F7F20AAA266271938E78 /* TuistAssets+ArtistIOS.swift */ = {isa = PBXFileReference; lastKnownFileType = sourcecode.swift; path = "TuistAssets+ArtistIOS.swift"; sourceTree = "<group>"; };
		3F7A179FEACB196B948DD36D /* ArtistsMapper.swift */ = {isa = PBXFileReference; lastKnownFileType = sourcecode.swift; path = ArtistsMapper.swift; sourceTree = "<group>"; };
		47D868B4E8FAD8C7FFDEA02D /* TuistBundle+ArtistIOS.swift */ = {isa = PBXFileReference; lastKnownFileType = sourcecode.swift; path = "TuistBundle+ArtistIOS.swift"; sourceTree = "<group>"; };
		4E8800FC82889EA91F5781E4 /* ArtistTests.xctest */ = {isa = PBXFileReference; explicitFileType = wrapper.cfbundle; includeInIndex = 0; path = ArtistTests.xctest; sourceTree = BUILT_PRODUCTS_DIR; };
		56714E014DDA3AF88967637F /* TuistAssets+ArtistApp.swift */ = {isa = PBXFileReference; lastKnownFileType = sourcecode.swift; path = "TuistAssets+ArtistApp.swift"; sourceTree = "<group>"; };
		5BDCF99B9C04F79C452BEEDD /* ArtistCoordinatorTests.swift */ = {isa = PBXFileReference; lastKnownFileType = sourcecode.swift; path = ArtistCoordinatorTests.swift; sourceTree = "<group>"; };
		5D0B128330D371D78F4397B8 /* Core.framework */ = {isa = PBXFileReference; explicitFileType = wrapper.framework; includeInIndex = 0; path = Core.framework; sourceTree = BUILT_PRODUCTS_DIR; };
		636F0C5C763FC370398F6B60 /* ArtistSearchCoordinator.swift */ = {isa = PBXFileReference; lastKnownFileType = sourcecode.swift; path = ArtistSearchCoordinator.swift; sourceTree = "<group>"; };
		6838CF41169BBB2742FE69AF /* ArtistIOSTests.xctest */ = {isa = PBXFileReference; explicitFileType = wrapper.cfbundle; includeInIndex = 0; path = ArtistIOSTests.xctest; sourceTree = BUILT_PRODUCTS_DIR; };
		6DB65F82367255EAE22A4E7C /* AppDelegate.swift */ = {isa = PBXFileReference; lastKnownFileType = sourcecode.swift; path = AppDelegate.swift; sourceTree = "<group>"; };
		6FC0E270379C7FAA49A54C8B /* NetworkTesting.framework */ = {isa = PBXFileReference; explicitFileType = wrapper.framework; includeInIndex = 0; path = NetworkTesting.framework; sourceTree = BUILT_PRODUCTS_DIR; };
		711179475A208C64BC0D4D05 /* Testing.framework */ = {isa = PBXFileReference; explicitFileType = wrapper.framework; includeInIndex = 0; path = Testing.framework; sourceTree = BUILT_PRODUCTS_DIR; };
		7249CCFEA85652EBA81F0C95 /* en */ = {isa = PBXFileReference; lastKnownFileType = text.plist.strings; name = en; path = en.lproj/Artist.strings; sourceTree = "<group>"; };
		7DC5B2BA65560204BF71AA73 /* ArtistSearchLoader.swift */ = {isa = PBXFileReference; lastKnownFileType = sourcecode.swift; path = ArtistSearchLoader.swift; sourceTree = "<group>"; };
		7F51529A82D3634641983295 /* RemoteArtistSearchLoader.swift */ = {isa = PBXFileReference; lastKnownFileType = sourcecode.swift; path = RemoteArtistSearchLoader.swift; sourceTree = "<group>"; };
		8637F062725AB2E8763D9A89 /* UIIOS.framework */ = {isa = PBXFileReference; explicitFileType = wrapper.framework; includeInIndex = 0; path = UIIOS.framework; sourceTree = BUILT_PRODUCTS_DIR; };
		8B0DE7AA2FED2847C6646564 /* ArtistSearchListViewController.swift */ = {isa = PBXFileReference; lastKnownFileType = sourcecode.swift; path = ArtistSearchListViewController.swift; sourceTree = "<group>"; };
		91086051ED3793767BC719A7 /* RemoteArtistSearchLoaderTests.swift */ = {isa = PBXFileReference; lastKnownFileType = sourcecode.swift; path = RemoteArtistSearchLoaderTests.swift; sourceTree = "<group>"; };
		9138B9DCEED884D993DC0FB0 /* WeakReferenceProxy+AlbumLIstCoordinatorDelegate.swift */ = {isa = PBXFileReference; lastKnownFileType = sourcecode.swift; path = "WeakReferenceProxy+AlbumLIstCoordinatorDelegate.swift"; sourceTree = "<group>"; };
		99DEB5F180440477F9500360 /* Artist.framework */ = {isa = PBXFileReference; explicitFileType = wrapper.framework; includeInIndex = 0; path = Artist.framework; sourceTree = BUILT_PRODUCTS_DIR; };
		9B91E20AAA6542870012B347 /* ArtistSearchListViewModel.swift */ = {isa = PBXFileReference; lastKnownFileType = sourcecode.swift; path = ArtistSearchListViewModel.swift; sourceTree = "<group>"; };
		AAAA6A69DBFF86C0C4560A46 /* Assets.xcassets */ = {isa = PBXFileReference; lastKnownFileType = folder.assetcatalog; path = Assets.xcassets; sourceTree = "<group>"; };
		AF0A89463FF0A50EDC75F6F2 /* Assets.xcassets */ = {isa = PBXFileReference; lastKnownFileType = folder.assetcatalog; path = Assets.xcassets; sourceTree = "<group>"; };
		B07040C6ED69C48609E9A1A7 /* Info.plist */ = {isa = PBXFileReference; lastKnownFileType = text.plist; path = Info.plist; sourceTree = "<group>"; };
		B268253FFD1B3463E1E4447A /* ArtistIOS.framework */ = {isa = PBXFileReference; explicitFileType = wrapper.framework; includeInIndex = 0; path = ArtistIOS.framework; sourceTree = BUILT_PRODUCTS_DIR; };
		B70ACCFCCC5AA50B104011A8 /* Info.plist */ = {isa = PBXFileReference; lastKnownFileType = text.plist; path = Info.plist; sourceTree = "<group>"; };
		BCA0E6E3DBFDF71D27C1BA9D /* ArtistAPIIntegrationTests.swift */ = {isa = PBXFileReference; lastKnownFileType = sourcecode.swift; path = ArtistAPIIntegrationTests.swift; sourceTree = "<group>"; };
		C2147B54BE7A4A5949218477 /* SharedIOS.framework */ = {isa = PBXFileReference; explicitFileType = wrapper.framework; includeInIndex = 0; path = SharedIOS.framework; sourceTree = BUILT_PRODUCTS_DIR; };
		C2372AF75C28967F06773D9D /* Shared.framework */ = {isa = PBXFileReference; explicitFileType = wrapper.framework; includeInIndex = 0; path = Shared.framework; sourceTree = BUILT_PRODUCTS_DIR; };
		CA9FC44A183327DE24EB74D4 /* LaunchScreen.storyboard */ = {isa = PBXFileReference; lastKnownFileType = file.storyboard; path = LaunchScreen.storyboard; sourceTree = "<group>"; };
		CFCC9EADAF30FAB516624869 /* ArtistSearchListView.swift */ = {isa = PBXFileReference; lastKnownFileType = sourcecode.swift; path = ArtistSearchListView.swift; sourceTree = "<group>"; };
		D095E5A7BC7B13B0AEE91AA0 /* Info.plist */ = {isa = PBXFileReference; lastKnownFileType = text.plist; path = Info.plist; sourceTree = "<group>"; };
		D79F33A92EED8831016B0813 /* Info.plist */ = {isa = PBXFileReference; lastKnownFileType = text.plist; path = Info.plist; sourceTree = "<group>"; };
		D825081B9D860B0AF452AEEB /* Info.plist */ = {isa = PBXFileReference; lastKnownFileType = text.plist; path = Info.plist; sourceTree = "<group>"; };
		D97A252223D010A8EEC2EA90 /* AppCoordinator.swift */ = {isa = PBXFileReference; lastKnownFileType = sourcecode.swift; path = AppCoordinator.swift; sourceTree = "<group>"; };
		DB3409CF26C266324AE0359C /* Artist+ImageTitleRowModel.swift */ = {isa = PBXFileReference; lastKnownFileType = sourcecode.swift; path = "Artist+ImageTitleRowModel.swift"; sourceTree = "<group>"; };
		DC0DFE86BC2F8EC79419A616 /* Caching.framework */ = {isa = PBXFileReference; explicitFileType = wrapper.framework; includeInIndex = 0; path = Caching.framework; sourceTree = BUILT_PRODUCTS_DIR; };
		DD54DB8955B614E6BA30982B /* Networking.framework */ = {isa = PBXFileReference; explicitFileType = wrapper.framework; includeInIndex = 0; path = Networking.framework; sourceTree = BUILT_PRODUCTS_DIR; };
		EC9D36D03011958BAB8DB542 /* FeatureFactory+ArtistSearchViewController.swift */ = {isa = PBXFileReference; lastKnownFileType = sourcecode.swift; path = "FeatureFactory+ArtistSearchViewController.swift"; sourceTree = "<group>"; };
		EFF8A7C3CE2650B3DCCEC6B1 /* TuistBundle+ArtistApp.swift */ = {isa = PBXFileReference; lastKnownFileType = sourcecode.swift; path = "TuistBundle+ArtistApp.swift"; sourceTree = "<group>"; };
		F26FD5243BB904320A336B83 /* ArtistAPIIntegrationTests.xctest */ = {isa = PBXFileReference; explicitFileType = wrapper.cfbundle; includeInIndex = 0; path = ArtistAPIIntegrationTests.xctest; sourceTree = BUILT_PRODUCTS_DIR; };
		F7491E37417CBB3BCD9852E1 /* TuistStrings+ArtistIOS.swift */ = {isa = PBXFileReference; lastKnownFileType = sourcecode.swift; path = "TuistStrings+ArtistIOS.swift"; sourceTree = "<group>"; };
/* End PBXFileReference section */

/* Begin PBXFrameworksBuildPhase section */
		0BB267D3AD0A0A35BF615A2C /* Frameworks */ = {
			isa = PBXFrameworksBuildPhase;
			buildActionMask = 2147483647;
			files = (
				0EAE17B9F4E9A44CEF3658DF /* Artist.framework in Frameworks */,
				EB85D4D7C53C7BCC1DBEC032 /* Core.framework in Frameworks */,
				B811FCF82F6FE26CEBA50EFE /* Networking.framework in Frameworks */,
				E7527C0EEBBE109068D8DCBB /* Shared.framework in Frameworks */,
				CB2AF7DA212A1582B5077440 /* SharedIOS.framework in Frameworks */,
				09AD9FFA5648BED85245FDBF /* UI.framework in Frameworks */,
				554ECF3B011D4BD5A3848167 /* UIIOS.framework in Frameworks */,
			);
			runOnlyForDeploymentPostprocessing = 0;
		};
		117D36C53F7D53B7D9DCCC78 /* Frameworks */ = {
			isa = PBXFrameworksBuildPhase;
			buildActionMask = 2147483647;
			files = (
				0FA838DF2B9349E675313226 /* Core.framework in Frameworks */,
				D2493D456845A546C0277F63 /* Networking.framework in Frameworks */,
				D3725ED174E0A4937DC41300 /* Shared.framework in Frameworks */,
				B1B91F7DF0DD8E58A26178F1 /* UI.framework in Frameworks */,
			);
			runOnlyForDeploymentPostprocessing = 0;
		};
		2AEDE2A10FD566F5C288E5D0 /* Frameworks */ = {
			isa = PBXFrameworksBuildPhase;
			buildActionMask = 2147483647;
			files = (
				2F3504BF98F8CD505BCAFEDC /* ArtistIOS.framework in Frameworks */,
			);
			runOnlyForDeploymentPostprocessing = 0;
		};
		3EA1BC01935B006C3C46A875 /* Frameworks */ = {
			isa = PBXFrameworksBuildPhase;
			buildActionMask = 2147483647;
			files = (
				38058385CAE735155B891303 /* Artist.framework in Frameworks */,
				9D338F68FDE9EC4E0EDCB383 /* NetworkTesting.framework in Frameworks */,
				5E1900A80182F12E02174E17 /* Testing.framework in Frameworks */,
			);
			runOnlyForDeploymentPostprocessing = 0;
		};
		7C5C31B0F1B608FBCDBD66B9 /* Frameworks */ = {
			isa = PBXFrameworksBuildPhase;
			buildActionMask = 2147483647;
			files = (
				375687B6C4BAE0DEAF20D084 /* Artist.framework in Frameworks */,
				E66A69420EAC0FB08063ED8E /* Testing.framework in Frameworks */,
			);
			runOnlyForDeploymentPostprocessing = 0;
		};
		C1438DD343C63BE05946AD7D /* Frameworks */ = {
			isa = PBXFrameworksBuildPhase;
			buildActionMask = 2147483647;
			files = (
				A644C0B52165FAE66F23F474 /* ArtistIOS.framework in Frameworks */,
				F1EB64C7A0861000395D39C8 /* Testing.framework in Frameworks */,
			);
			runOnlyForDeploymentPostprocessing = 0;
		};
/* End PBXFrameworksBuildPhase section */

/* Begin PBXGroup section */
		00A3E9614203D03F421B8D70 /* Config */ = {
			isa = PBXGroup;
			children = (
				D095E5A7BC7B13B0AEE91AA0 /* Info.plist */,
			);
			path = Config;
			sourceTree = "<group>";
		};
		03C270EF8C223670923D899F /* Tests */ = {
			isa = PBXGroup;
			children = (
				1E04AB147150F71ADB37CBBA /* ArtistSearchLoading */,
			);
			path = Tests;
			sourceTree = "<group>";
		};
		0D32B1E2AF2D018C8BD056BF /* Sources */ = {
			isa = PBXGroup;
			children = (
				F183941DA038682EBB37F4EE /* App */,
				E811E0569E4626625282D5C0 /* Main */,
			);
			path = Sources;
			sourceTree = "<group>";
		};
		10A1113B636E1B6CEF71DE7E /* ArtistTests */ = {
			isa = PBXGroup;
			children = (
				00A3E9614203D03F421B8D70 /* Config */,
				03C270EF8C223670923D899F /* Tests */,
			);
			path = ArtistTests;
			sourceTree = "<group>";
		};
		13AAB8659DE6611E2925BC59 /* Endpoints */ = {
			isa = PBXGroup;
			children = (
				0F5F6073EE9A14DB3DDBC2F9 /* ArtistEndpoint.swift */,
				2117B595C90565F2F756D7FB /* FeatureFactory+ArtistEndpoint.swift */,
			);
			path = Endpoints;
			sourceTree = "<group>";
		};
		1D9172E52B53E64430328EDE = {
			isa = PBXGroup;
			children = (
				2DB15A59DE2298AD85889B2C /* Project */,
				49FAD5DF26CECE16C5DC32FF /* Frameworks */,
				E9726F1D21F9F0C5D8080312 /* Products */,
			);
			sourceTree = "<group>";
		};
		1E04AB147150F71ADB37CBBA /* ArtistSearchLoading */ = {
			isa = PBXGroup;
			children = (
				91086051ED3793767BC719A7 /* RemoteArtistSearchLoaderTests.swift */,
			);
			path = ArtistSearchLoading;
			sourceTree = "<group>";
		};
		1EC243466F9E34CC48BDFBC1 /* ArtistIOSTests */ = {
			isa = PBXGroup;
			children = (
				976E9ADD3A7E99DD69B34857 /* Config */,
				5236B8942B20E7B2D7BC26C2 /* Tests */,
			);
			path = ArtistIOSTests;
			sourceTree = "<group>";
		};
		223F05289A1D816B853B386E /* Sources */ = {
			isa = PBXGroup;
			children = (
				A1C5F7CBCA1DD001B813E5A9 /* Adapters */,
				A093F9B2E15C2C3E2EDBB528 /* ArtistSearchList */,
				E16B17CE9336C3FEB91B0195 /* Extensions */,
				F4B74240C1082283299872EB /* FeatureFactory */,
				636F0C5C763FC370398F6B60 /* ArtistSearchCoordinator.swift */,
			);
			path = Sources;
			sourceTree = "<group>";
		};
		2A94AC90BC93E4C22B028C5B /* Resources */ = {
			isa = PBXGroup;
			children = (
				D0AD834B2D23AB02989D0B2A /* Artist.strings */,
				AAAA6A69DBFF86C0C4560A46 /* Assets.xcassets */,
			);
			path = Resources;
			sourceTree = "<group>";
		};
		2DB15A59DE2298AD85889B2C /* Project */ = {
			isa = PBXGroup;
			children = (
				5EA34A5EC88543C854C08ED1 /* Artist */,
				3D4FC7A66F59AD6205567339 /* ArtistAPIIntegrationTests */,
				46DBB5C53155B089543AA9CA /* ArtistApp */,
				DEF8C0EE4C482CF52C0C8B94 /* ArtistIOS */,
				1EC243466F9E34CC48BDFBC1 /* ArtistIOSTests */,
				10A1113B636E1B6CEF71DE7E /* ArtistTests */,
				36BDA706480C07D3DC423D13 /* Derived */,
			);
			name = Project;
			sourceTree = "<group>";
		};
		36BDA706480C07D3DC423D13 /* Derived */ = {
			isa = PBXGroup;
			children = (
				FFF4304A226A592C9D5E9C89 /* Sources */,
			);
			path = Derived;
			sourceTree = "<group>";
		};
		3C2053183C3811FF09212FB4 /* Artist+ImageTitleRow */ = {
			isa = PBXGroup;
			children = (
				DB3409CF26C266324AE0359C /* Artist+ImageTitleRowModel.swift */,
				1601529E8399E26C3E9664B3 /* ArtistImageTitleRowViewModelAdapter.swift */,
			);
			path = "Artist+ImageTitleRow";
			sourceTree = "<group>";
		};
		3D4FC7A66F59AD6205567339 /* ArtistAPIIntegrationTests */ = {
			isa = PBXGroup;
			children = (
				C79FF48407546432FA04F779 /* Config */,
				9369E8183A7C8F4D863A390D /* Tests */,
			);
			path = ArtistAPIIntegrationTests;
			sourceTree = "<group>";
		};
		46DBB5C53155B089543AA9CA /* ArtistApp */ = {
			isa = PBXGroup;
			children = (
				749E9F4FB67B88B507B942B4 /* Config */,
				4AD467607ABA4295AA5C8D58 /* Resources */,
				0D32B1E2AF2D018C8BD056BF /* Sources */,
			);
			path = ArtistApp;
			sourceTree = "<group>";
		};
		49FAD5DF26CECE16C5DC32FF /* Frameworks */ = {
			isa = PBXGroup;
			children = (
			);
			name = Frameworks;
			sourceTree = "<group>";
		};
		4AD467607ABA4295AA5C8D58 /* Resources */ = {
			isa = PBXGroup;
			children = (
				AF0A89463FF0A50EDC75F6F2 /* Assets.xcassets */,
				CA9FC44A183327DE24EB74D4 /* LaunchScreen.storyboard */,
			);
			path = Resources;
			sourceTree = "<group>";
		};
		5236B8942B20E7B2D7BC26C2 /* Tests */ = {
			isa = PBXGroup;
			children = (
				5BDCF99B9C04F79C452BEEDD /* ArtistCoordinatorTests.swift */,
			);
			path = Tests;
			sourceTree = "<group>";
		};
		5EA34A5EC88543C854C08ED1 /* Artist */ = {
			isa = PBXGroup;
			children = (
				BA36C4D503D74BC5E0E48857 /* Config */,
				8604D145BA8B7867D802CE18 /* Sources */,
			);
			path = Artist;
			sourceTree = "<group>";
		};
		6C634542FD91CC43B0B709D9 /* ArtistSearchLoading */ = {
			isa = PBXGroup;
			children = (
				7DC5B2BA65560204BF71AA73 /* ArtistSearchLoader.swift */,
				3F7A179FEACB196B948DD36D /* ArtistsMapper.swift */,
				7F51529A82D3634641983295 /* RemoteArtistSearchLoader.swift */,
			);
			path = ArtistSearchLoading;
			sourceTree = "<group>";
		};
		749E9F4FB67B88B507B942B4 /* Config */ = {
			isa = PBXGroup;
			children = (
				B07040C6ED69C48609E9A1A7 /* Info.plist */,
			);
			path = Config;
			sourceTree = "<group>";
		};
		8604D145BA8B7867D802CE18 /* Sources */ = {
			isa = PBXGroup;
			children = (
				6C634542FD91CC43B0B709D9 /* ArtistSearchLoading */,
				13AAB8659DE6611E2925BC59 /* Endpoints */,
				AF1B04219F100A9F513582D3 /* Entities */,
			);
			path = Sources;
			sourceTree = "<group>";
		};
		9369E8183A7C8F4D863A390D /* Tests */ = {
			isa = PBXGroup;
			children = (
				BCA0E6E3DBFDF71D27C1BA9D /* ArtistAPIIntegrationTests.swift */,
			);
			path = Tests;
			sourceTree = "<group>";
		};
		976E9ADD3A7E99DD69B34857 /* Config */ = {
			isa = PBXGroup;
			children = (
				D825081B9D860B0AF452AEEB /* Info.plist */,
			);
			path = Config;
			sourceTree = "<group>";
		};
		A093F9B2E15C2C3E2EDBB528 /* ArtistSearchList */ = {
			isa = PBXGroup;
			children = (
				CFCC9EADAF30FAB516624869 /* ArtistSearchListView.swift */,
				8B0DE7AA2FED2847C6646564 /* ArtistSearchListViewController.swift */,
				9B91E20AAA6542870012B347 /* ArtistSearchListViewModel.swift */,
			);
			path = ArtistSearchList;
			sourceTree = "<group>";
		};
		A1C5F7CBCA1DD001B813E5A9 /* Adapters */ = {
			isa = PBXGroup;
			children = (
				3C2053183C3811FF09212FB4 /* Artist+ImageTitleRow */,
			);
			path = Adapters;
			sourceTree = "<group>";
		};
		AF1B04219F100A9F513582D3 /* Entities */ = {
			isa = PBXGroup;
			children = (
				2A96AA91578DF03B3A0C8D76 /* Artist.swift */,
			);
			path = Entities;
			sourceTree = "<group>";
		};
		BA36C4D503D74BC5E0E48857 /* Config */ = {
			isa = PBXGroup;
			children = (
				B70ACCFCCC5AA50B104011A8 /* Info.plist */,
			);
			path = Config;
			sourceTree = "<group>";
		};
		C79FF48407546432FA04F779 /* Config */ = {
			isa = PBXGroup;
			children = (
				234272F0770C0094AAE92CED /* Info.plist */,
			);
			path = Config;
			sourceTree = "<group>";
		};
		DEF8C0EE4C482CF52C0C8B94 /* ArtistIOS */ = {
			isa = PBXGroup;
			children = (
				F7062A8BA9F53D3DD9DBF6B8 /* Config */,
				2A94AC90BC93E4C22B028C5B /* Resources */,
				223F05289A1D816B853B386E /* Sources */,
			);
			path = ArtistIOS;
			sourceTree = "<group>";
		};
		E16B17CE9336C3FEB91B0195 /* Extensions */ = {
			isa = PBXGroup;
			children = (
				9138B9DCEED884D993DC0FB0 /* WeakReferenceProxy+AlbumLIstCoordinatorDelegate.swift */,
			);
			path = Extensions;
			sourceTree = "<group>";
		};
		E811E0569E4626625282D5C0 /* Main */ = {
			isa = PBXGroup;
			children = (
				052637A007D81131BAE585B3 /* MainCoordinator.swift */,
			);
			path = Main;
			sourceTree = "<group>";
		};
		E9726F1D21F9F0C5D8080312 /* Products */ = {
			isa = PBXGroup;
			children = (
				99DEB5F180440477F9500360 /* Artist.framework */,
				F26FD5243BB904320A336B83 /* ArtistAPIIntegrationTests.xctest */,
				007F738C245C090F25760D22 /* ArtistApp.app */,
				B268253FFD1B3463E1E4447A /* ArtistIOS.framework */,
				6838CF41169BBB2742FE69AF /* ArtistIOSTests.xctest */,
				4E8800FC82889EA91F5781E4 /* ArtistTests.xctest */,
				DC0DFE86BC2F8EC79419A616 /* Caching.framework */,
				5D0B128330D371D78F4397B8 /* Core.framework */,
				DD54DB8955B614E6BA30982B /* Networking.framework */,
				6FC0E270379C7FAA49A54C8B /* NetworkTesting.framework */,
				C2372AF75C28967F06773D9D /* Shared.framework */,
				C2147B54BE7A4A5949218477 /* SharedIOS.framework */,
				711179475A208C64BC0D4D05 /* Testing.framework */,
				12D664E27E0FAD0500A11ECF /* UI.framework */,
				8637F062725AB2E8763D9A89 /* UIIOS.framework */,
			);
			name = Products;
			sourceTree = "<group>";
		};
		F183941DA038682EBB37F4EE /* App */ = {
			isa = PBXGroup;
			children = (
				D97A252223D010A8EEC2EA90 /* AppCoordinator.swift */,
				6DB65F82367255EAE22A4E7C /* AppDelegate.swift */,
			);
			path = App;
			sourceTree = "<group>";
		};
		F4B74240C1082283299872EB /* FeatureFactory */ = {
			isa = PBXGroup;
			children = (
				EC9D36D03011958BAB8DB542 /* FeatureFactory+ArtistSearchViewController.swift */,
			);
			path = FeatureFactory;
			sourceTree = "<group>";
		};
		F7062A8BA9F53D3DD9DBF6B8 /* Config */ = {
			isa = PBXGroup;
			children = (
				D79F33A92EED8831016B0813 /* Info.plist */,
			);
			path = Config;
			sourceTree = "<group>";
		};
		FFF4304A226A592C9D5E9C89 /* Sources */ = {
			isa = PBXGroup;
			children = (
				56714E014DDA3AF88967637F /* TuistAssets+ArtistApp.swift */,
				2B12F7F20AAA266271938E78 /* TuistAssets+ArtistIOS.swift */,
				EFF8A7C3CE2650B3DCCEC6B1 /* TuistBundle+ArtistApp.swift */,
				47D868B4E8FAD8C7FFDEA02D /* TuistBundle+ArtistIOS.swift */,
				F7491E37417CBB3BCD9852E1 /* TuistStrings+ArtistIOS.swift */,
			);
			path = Sources;
			sourceTree = "<group>";
		};
/* End PBXGroup section */

/* Begin PBXNativeTarget section */
		A2E8704B2CB7A765B1CEA31F /* ArtistAPIIntegrationTests */ = {
			isa = PBXNativeTarget;
			buildConfigurationList = 6365C596DD1AFCAED1AFCA71 /* Build configuration list for PBXNativeTarget "ArtistAPIIntegrationTests" */;
			buildPhases = (
				77C4D6A21AFC1E66CAACE319 /* Sources */,
				ABD966B1EB946AF1A7713BCC /* Resources */,
				D2E3E1C1B47DAD1E84C8311B /* Embed Frameworks */,
				7C5C31B0F1B608FBCDBD66B9 /* Frameworks */,
				D0763506FF82ADB7D701FC16 /* Run linting */,
			);
			buildRules = (
			);
			dependencies = (
				E5A81F4336F319EC1E590F37 /* PBXTargetDependency */,
			);
			name = ArtistAPIIntegrationTests;
			productName = ArtistAPIIntegrationTests;
			productReference = F26FD5243BB904320A336B83 /* ArtistAPIIntegrationTests.xctest */;
			productType = "com.apple.product-type.bundle.unit-test";
		};
		BD4A4026556163565DB5ECAB /* ArtistTests */ = {
			isa = PBXNativeTarget;
			buildConfigurationList = 7F49DD57BFDB6146F3EB73F7 /* Build configuration list for PBXNativeTarget "ArtistTests" */;
			buildPhases = (
				D7D926A5EFA6BDCAA4E0ED32 /* Sources */,
				FD12BB6EA41005E9588CBD08 /* Resources */,
				48CECE9E0DF8413CF7D4F306 /* Embed Frameworks */,
				3EA1BC01935B006C3C46A875 /* Frameworks */,
				FF219324579C18759E1C01D6 /* Run linting */,
			);
			buildRules = (
			);
			dependencies = (
				A575DD302D675444AF546FB1 /* PBXTargetDependency */,
			);
			name = ArtistTests;
			productName = ArtistTests;
			productReference = 4E8800FC82889EA91F5781E4 /* ArtistTests.xctest */;
			productType = "com.apple.product-type.bundle.unit-test";
		};
		BD9FFE56B3B5D871466F8020 /* ArtistIOSTests */ = {
			isa = PBXNativeTarget;
			buildConfigurationList = F3DA3E7B004DD5B8CC0E7A6E /* Build configuration list for PBXNativeTarget "ArtistIOSTests" */;
			buildPhases = (
				57CB28218714C4F79DDECF5B /* Sources */,
				7BA6A610D0F8CED40A1D482C /* Resources */,
				E9B29682DC6D01385A2BEC29 /* Embed Frameworks */,
				C1438DD343C63BE05946AD7D /* Frameworks */,
				FF7100A123E730110F2C8C99 /* Run linting */,
			);
			buildRules = (
			);
			dependencies = (
				BA0394437D0963C29BE73967 /* PBXTargetDependency */,
			);
			name = ArtistIOSTests;
			productName = ArtistIOSTests;
			productReference = 6838CF41169BBB2742FE69AF /* ArtistIOSTests.xctest */;
			productType = "com.apple.product-type.bundle.unit-test";
		};
		C6E03CCEB1429AEC58BD8136 /* Artist */ = {
			isa = PBXNativeTarget;
			buildConfigurationList = 17E876DA3ED4502E992483A6 /* Build configuration list for PBXNativeTarget "Artist" */;
			buildPhases = (
				5BC90120FC989CAA8E4E66A4 /* Sources */,
				0A2E2F1802C6401015DF4093 /* Resources */,
				3BA487EE1ED5241F255FE6C5 /* Embed Frameworks */,
				117D36C53F7D53B7D9DCCC78 /* Frameworks */,
				6AEC9657FC333BE9FC7A90A5 /* Run linting */,
			);
			buildRules = (
			);
			dependencies = (
			);
			name = Artist;
			productName = Artist;
			productReference = 99DEB5F180440477F9500360 /* Artist.framework */;
			productType = "com.apple.product-type.framework";
		};
		CC6C728E10D826DD226DE4DA /* ArtistIOS */ = {
			isa = PBXNativeTarget;
			buildConfigurationList = 1728C8AA031A404AEC5A0773 /* Build configuration list for PBXNativeTarget "ArtistIOS" */;
			buildPhases = (
				FDB054DE9BF09F7B2011B4E4 /* Sources */,
				4FA3965A8796FD3B22C8D7A7 /* Resources */,
				EE590B2EB23301A4249BEB02 /* Embed Frameworks */,
				0BB267D3AD0A0A35BF615A2C /* Frameworks */,
				5319B2F9E2D590F07026EF92 /* Run linting */,
			);
			buildRules = (
			);
			dependencies = (
				E204C0BDD68F621FAE0D286A /* PBXTargetDependency */,
			);
			name = ArtistIOS;
			productName = ArtistIOS;
			productReference = B268253FFD1B3463E1E4447A /* ArtistIOS.framework */;
			productType = "com.apple.product-type.framework";
		};
		EB5023F1804BB4D7B4DA8D50 /* ArtistApp */ = {
			isa = PBXNativeTarget;
			buildConfigurationList = B930DE3964781D640049E461 /* Build configuration list for PBXNativeTarget "ArtistApp" */;
			buildPhases = (
				FCEDE826AFE84B7CBB1A72EC /* Sources */,
				E3FB080604FCAA858CD86DC4 /* Resources */,
				2EB1A4009F68154847239358 /* Embed Frameworks */,
				2AEDE2A10FD566F5C288E5D0 /* Frameworks */,
				5254F208C6D64F93DF876CC7 /* Run linting */,
			);
			buildRules = (
			);
			dependencies = (
				8FB7086CAE51E9F090F6680E /* PBXTargetDependency */,
			);
			name = ArtistApp;
			productName = ArtistApp;
			productReference = 007F738C245C090F25760D22 /* ArtistApp.app */;
			productType = "com.apple.product-type.application";
		};
/* End PBXNativeTarget section */

/* Begin PBXProject section */
		0021B1B90C0B303370749365 /* Project object */ = {
			isa = PBXProject;
			attributes = {
				LastUpgradeCheck = 1430;
				TargetAttributes = {
				};
			};
			buildConfigurationList = BD3150C2E4392EF07C13C826 /* Build configuration list for PBXProject "Artist" */;
			compatibilityVersion = "Xcode 13.0";
			developmentRegion = en;
			hasScannedForEncodings = 0;
			knownRegions = (
				Base,
				en,
			);
			mainGroup = 1D9172E52B53E64430328EDE;
			productRefGroup = E9726F1D21F9F0C5D8080312 /* Products */;
			projectDirPath = "";
			projectRoot = "";
			targets = (
				C6E03CCEB1429AEC58BD8136 /* Artist */,
				BD4A4026556163565DB5ECAB /* ArtistTests */,
				CC6C728E10D826DD226DE4DA /* ArtistIOS */,
				BD9FFE56B3B5D871466F8020 /* ArtistIOSTests */,
				EB5023F1804BB4D7B4DA8D50 /* ArtistApp */,
				A2E8704B2CB7A765B1CEA31F /* ArtistAPIIntegrationTests */,
			);
		};
/* End PBXProject section */

/* Begin PBXResourcesBuildPhase section */
		0A2E2F1802C6401015DF4093 /* Resources */ = {
			isa = PBXResourcesBuildPhase;
			buildActionMask = 2147483647;
			files = (
			);
			runOnlyForDeploymentPostprocessing = 0;
		};
		4FA3965A8796FD3B22C8D7A7 /* Resources */ = {
			isa = PBXResourcesBuildPhase;
			buildActionMask = 2147483647;
			files = (
				51E2BC7F99A751A9393D5DC3 /* Assets.xcassets in Resources */,
				07B7A18B388C65A6A9750F86 /* Artist.strings in Resources */,
			);
			runOnlyForDeploymentPostprocessing = 0;
		};
		7BA6A610D0F8CED40A1D482C /* Resources */ = {
			isa = PBXResourcesBuildPhase;
			buildActionMask = 2147483647;
			files = (
			);
			runOnlyForDeploymentPostprocessing = 0;
		};
		ABD966B1EB946AF1A7713BCC /* Resources */ = {
			isa = PBXResourcesBuildPhase;
			buildActionMask = 2147483647;
			files = (
			);
			runOnlyForDeploymentPostprocessing = 0;
		};
		E3FB080604FCAA858CD86DC4 /* Resources */ = {
			isa = PBXResourcesBuildPhase;
			buildActionMask = 2147483647;
			files = (
				EE9C492906ED11B5DE81C8C9 /* Assets.xcassets in Resources */,
				52459E91B8E16A8752C68D46 /* LaunchScreen.storyboard in Resources */,
			);
			runOnlyForDeploymentPostprocessing = 0;
		};
		FD12BB6EA41005E9588CBD08 /* Resources */ = {
			isa = PBXResourcesBuildPhase;
			buildActionMask = 2147483647;
			files = (
			);
			runOnlyForDeploymentPostprocessing = 0;
		};
/* End PBXResourcesBuildPhase section */

/* Begin PBXShellScriptBuildPhase section */
		5254F208C6D64F93DF876CC7 /* Run linting */ = {
			isa = PBXShellScriptBuildPhase;
			alwaysOutOfDate = 1;
			buildActionMask = 2147483647;
			files = (
			);
			inputFileListPaths = (
			);
			inputPaths = (
			);
			name = "Run linting";
			outputFileListPaths = (
			);
			outputPaths = (
			);
			runOnlyForDeploymentPostprocessing = 0;
			shellPath = /bin/sh;
			shellScript = "\"$SRCROOT\"/../../../Scripts/lint.sh ";
		};
		5319B2F9E2D590F07026EF92 /* Run linting */ = {
			isa = PBXShellScriptBuildPhase;
			alwaysOutOfDate = 1;
			buildActionMask = 2147483647;
			files = (
			);
			inputFileListPaths = (
			);
			inputPaths = (
			);
			name = "Run linting";
			outputFileListPaths = (
			);
			outputPaths = (
			);
			runOnlyForDeploymentPostprocessing = 0;
			shellPath = /bin/sh;
			shellScript = "\"$SRCROOT\"/../../../Scripts/lint.sh ";
		};
		6AEC9657FC333BE9FC7A90A5 /* Run linting */ = {
			isa = PBXShellScriptBuildPhase;
			alwaysOutOfDate = 1;
			buildActionMask = 2147483647;
			files = (
			);
			inputFileListPaths = (
			);
			inputPaths = (
			);
			name = "Run linting";
			outputFileListPaths = (
			);
			outputPaths = (
			);
			runOnlyForDeploymentPostprocessing = 0;
			shellPath = /bin/sh;
			shellScript = "\"$SRCROOT\"/../../../Scripts/lint.sh ";
		};
		D0763506FF82ADB7D701FC16 /* Run linting */ = {
			isa = PBXShellScriptBuildPhase;
			alwaysOutOfDate = 1;
			buildActionMask = 2147483647;
			files = (
			);
			inputFileListPaths = (
			);
			inputPaths = (
			);
			name = "Run linting";
			outputFileListPaths = (
			);
			outputPaths = (
			);
			runOnlyForDeploymentPostprocessing = 0;
			shellPath = /bin/sh;
			shellScript = "\"$SRCROOT\"/../../../Scripts/lint.sh ";
		};
		FF219324579C18759E1C01D6 /* Run linting */ = {
			isa = PBXShellScriptBuildPhase;
			alwaysOutOfDate = 1;
			buildActionMask = 2147483647;
			files = (
			);
			inputFileListPaths = (
			);
			inputPaths = (
			);
			name = "Run linting";
			outputFileListPaths = (
			);
			outputPaths = (
			);
			runOnlyForDeploymentPostprocessing = 0;
			shellPath = /bin/sh;
			shellScript = "\"$SRCROOT\"/../../../Scripts/lint.sh ";
		};
		FF7100A123E730110F2C8C99 /* Run linting */ = {
			isa = PBXShellScriptBuildPhase;
			alwaysOutOfDate = 1;
			buildActionMask = 2147483647;
			files = (
			);
			inputFileListPaths = (
			);
			inputPaths = (
			);
			name = "Run linting";
			outputFileListPaths = (
			);
			outputPaths = (
			);
			runOnlyForDeploymentPostprocessing = 0;
			shellPath = /bin/sh;
			shellScript = "\"$SRCROOT\"/../../../Scripts/lint.sh ";
		};
/* End PBXShellScriptBuildPhase section */

/* Begin PBXSourcesBuildPhase section */
		57CB28218714C4F79DDECF5B /* Sources */ = {
			isa = PBXSourcesBuildPhase;
			buildActionMask = 2147483647;
			files = (
				AA60192818BD5B70897C9C22 /* ArtistCoordinatorTests.swift in Sources */,
			);
			runOnlyForDeploymentPostprocessing = 0;
		};
		5BC90120FC989CAA8E4E66A4 /* Sources */ = {
			isa = PBXSourcesBuildPhase;
			buildActionMask = 2147483647;
			files = (
				95F6FCB5458EA0DC00D4E02A /* ArtistSearchLoader.swift in Sources */,
				D5896D154E9F9747EB1D5C94 /* ArtistsMapper.swift in Sources */,
				8B38D27FD348E0688FC18462 /* RemoteArtistSearchLoader.swift in Sources */,
				CC7C6B6CE497FDC095F592F6 /* ArtistEndpoint.swift in Sources */,
				B0F62AF2B3B3BBA73E056A56 /* FeatureFactory+ArtistEndpoint.swift in Sources */,
				D55EA928CFA181DA9FD059DA /* Artist.swift in Sources */,
			);
			runOnlyForDeploymentPostprocessing = 0;
		};
		77C4D6A21AFC1E66CAACE319 /* Sources */ = {
			isa = PBXSourcesBuildPhase;
			buildActionMask = 2147483647;
			files = (
				D6FCF0A1135471094D7527CC /* ArtistAPIIntegrationTests.swift in Sources */,
			);
			runOnlyForDeploymentPostprocessing = 0;
		};
		D7D926A5EFA6BDCAA4E0ED32 /* Sources */ = {
			isa = PBXSourcesBuildPhase;
			buildActionMask = 2147483647;
			files = (
				F9A96E23984BE46354B38230 /* RemoteArtistSearchLoaderTests.swift in Sources */,
			);
			runOnlyForDeploymentPostprocessing = 0;
		};
		FCEDE826AFE84B7CBB1A72EC /* Sources */ = {
			isa = PBXSourcesBuildPhase;
			buildActionMask = 2147483647;
			files = (
				BBC53C20FD1D02FBC44B16C2 /* AppCoordinator.swift in Sources */,
				1A2B133CEE32E1E2D5AFF163 /* AppDelegate.swift in Sources */,
				BA9143EC471D228FAA23941F /* MainCoordinator.swift in Sources */,
				458541D5B13667BEBAAA49BC /* TuistAssets+ArtistApp.swift in Sources */,
				B259D1816FCA029A6DD2CEF9 /* TuistBundle+ArtistApp.swift in Sources */,
			);
			runOnlyForDeploymentPostprocessing = 0;
		};
		FDB054DE9BF09F7B2011B4E4 /* Sources */ = {
			isa = PBXSourcesBuildPhase;
			buildActionMask = 2147483647;
			files = (
				E64635ECA59247BCC30F3A5D /* Artist+ImageTitleRowModel.swift in Sources */,
				30B629184D12BCDC2A777B71 /* ArtistImageTitleRowViewModelAdapter.swift in Sources */,
				59075DF0E0016C9BF4402078 /* ArtistSearchCoordinator.swift in Sources */,
				B876B4DFDCEB1749603CA989 /* ArtistSearchListView.swift in Sources */,
				ED0C3C04FADAAB0A95F810FF /* ArtistSearchListViewController.swift in Sources */,
				9628E22519764464A468B0DF /* ArtistSearchListViewModel.swift in Sources */,
				45590DC5A4C2749F4C1ECDD1 /* WeakReferenceProxy+AlbumLIstCoordinatorDelegate.swift in Sources */,
				85A711CAB21D0436A8ED51B0 /* FeatureFactory+ArtistSearchViewController.swift in Sources */,
				336AC2E6A0240F3B179AB6D4 /* TuistAssets+ArtistIOS.swift in Sources */,
				6BBFAF89CC8D2DD5E5FFDA5E /* TuistBundle+ArtistIOS.swift in Sources */,
				0D6E7FF1D536F42DC3533F9F /* TuistStrings+ArtistIOS.swift in Sources */,
			);
			runOnlyForDeploymentPostprocessing = 0;
		};
/* End PBXSourcesBuildPhase section */

/* Begin PBXTargetDependency section */
		8FB7086CAE51E9F090F6680E /* PBXTargetDependency */ = {
			isa = PBXTargetDependency;
			name = ArtistIOS;
			target = CC6C728E10D826DD226DE4DA /* ArtistIOS */;
			targetProxy = B4267707416395264674C6BD /* PBXContainerItemProxy */;
		};
		A575DD302D675444AF546FB1 /* PBXTargetDependency */ = {
			isa = PBXTargetDependency;
			name = Artist;
			target = C6E03CCEB1429AEC58BD8136 /* Artist */;
			targetProxy = 04C0C5C99997F6945D95EC63 /* PBXContainerItemProxy */;
		};
		BA0394437D0963C29BE73967 /* PBXTargetDependency */ = {
			isa = PBXTargetDependency;
			name = ArtistIOS;
			target = CC6C728E10D826DD226DE4DA /* ArtistIOS */;
			targetProxy = 72FBBE4C15996E89D404CFEE /* PBXContainerItemProxy */;
		};
		E204C0BDD68F621FAE0D286A /* PBXTargetDependency */ = {
			isa = PBXTargetDependency;
			name = Artist;
			target = C6E03CCEB1429AEC58BD8136 /* Artist */;
			targetProxy = 2AEB35B39C1C331303EB3CB2 /* PBXContainerItemProxy */;
		};
		E5A81F4336F319EC1E590F37 /* PBXTargetDependency */ = {
			isa = PBXTargetDependency;
			name = Artist;
			target = C6E03CCEB1429AEC58BD8136 /* Artist */;
			targetProxy = DCE0EB720624C0117AA8FC97 /* PBXContainerItemProxy */;
		};
/* End PBXTargetDependency section */

/* Begin PBXVariantGroup section */
		D0AD834B2D23AB02989D0B2A /* Artist.strings */ = {
			isa = PBXVariantGroup;
			children = (
				7249CCFEA85652EBA81F0C95 /* en */,
			);
			name = Artist.strings;
			sourceTree = "<group>";
		};
/* End PBXVariantGroup section */

/* Begin XCBuildConfiguration section */
		0C16B19156F28F77FBEE9B4F /* Debug */ = {
			isa = XCBuildConfiguration;
			buildSettings = {
				CODE_SIGN_IDENTITY = "iPhone Developer";
				"CODE_SIGN_IDENTITY[sdk=macosx*]" = "-";
				INFOPLIST_FILE = ArtistTests/Config/Info.plist;
				IPHONEOS_DEPLOYMENT_TARGET = 16.4;
				LD_RUNPATH_SEARCH_PATHS = (
					"$(inherited)",
					"@executable_path/Frameworks",
					"@loader_path/Frameworks",
				);
				MACOSX_DEPLOYMENT_TARGET = 13.2;
				PRODUCT_BUNDLE_IDENTIFIER = com.annabananas.Shawty.ArtistTests;
				PRODUCT_NAME = ArtistTests;
				SDKROOT = auto;
				SUPPORTED_PLATFORMS = "iphoneos iphonesimulator macosx";
				SWIFT_ACTIVE_COMPILATION_CONDITIONS = DEBUG;
				SWIFT_COMPILATION_MODE = singlefile;
				SWIFT_OPTIMIZATION_LEVEL = "-Onone";
				SWIFT_VERSION = 5.0;
				TARGETED_DEVICE_FAMILY = "1,2";
			};
			name = Debug;
		};
		1D912B4EBC19D7BAEA7D389F /* Debug */ = {
			isa = XCBuildConfiguration;
			buildSettings = {
				CODE_SIGN_IDENTITY = "";
				"CODE_SIGN_IDENTITY[sdk=macosx*]" = "-";
				CURRENT_PROJECT_VERSION = 1;
				DEFINES_MODULE = YES;
				DYLIB_COMPATIBILITY_VERSION = 1;
				DYLIB_CURRENT_VERSION = 1;
				DYLIB_INSTALL_NAME_BASE = "@rpath";
				INFOPLIST_FILE = Artist/Config/Info.plist;
				INSTALL_PATH = "$(LOCAL_LIBRARY_DIR)/Frameworks";
				IPHONEOS_DEPLOYMENT_TARGET = 16.4;
				LD_RUNPATH_SEARCH_PATHS = (
					"$(inherited)",
					"@executable_path/Frameworks",
					"@loader_path/Frameworks",
				);
				MACOSX_DEPLOYMENT_TARGET = 13.2;
				PRODUCT_BUNDLE_IDENTIFIER = com.annabananas.Shawty.Artist;
				PRODUCT_NAME = Artist;
				SDKROOT = auto;
				SKIP_INSTALL = YES;
				SUPPORTED_PLATFORMS = "iphoneos iphonesimulator macosx";
				SWIFT_ACTIVE_COMPILATION_CONDITIONS = DEBUG;
				SWIFT_COMPILATION_MODE = singlefile;
				SWIFT_OPTIMIZATION_LEVEL = "-Onone";
				SWIFT_VERSION = 5.0;
				TARGETED_DEVICE_FAMILY = "1,2";
				VERSIONING_SYSTEM = "apple-generic";
				VERSION_INFO_PREFIX = "";
			};
			name = Debug;
		};
		1DE788B8BF58F2A4E567B11E /* Release */ = {
			isa = XCBuildConfiguration;
			buildSettings = {
				CODE_SIGN_IDENTITY = "iPhone Developer";
				INFOPLIST_FILE = ArtistIOSTests/Config/Info.plist;
				IPHONEOS_DEPLOYMENT_TARGET = 16.4;
				LD_RUNPATH_SEARCH_PATHS = (
					"$(inherited)",
					"@executable_path/Frameworks",
					"@loader_path/Frameworks",
				);
				PRODUCT_BUNDLE_IDENTIFIER = com.annabananas.Shawty.ArtistIOSTests;
				PRODUCT_NAME = ArtistIOSTests;
				SDKROOT = auto;
				SUPPORTED_PLATFORMS = "iphoneos iphonesimulator";
				SWIFT_COMPILATION_MODE = wholemodule;
				SWIFT_OPTIMIZATION_LEVEL = "-Owholemodule";
				SWIFT_VERSION = 5.0;
				TARGETED_DEVICE_FAMILY = "1,2";
			};
			name = Release;
		};
		25A70A490F772A60E4C98492 /* Release */ = {
			isa = XCBuildConfiguration;
			buildSettings = {
				CODE_SIGN_IDENTITY = "";
				CURRENT_PROJECT_VERSION = 1;
				DEFINES_MODULE = YES;
				DYLIB_COMPATIBILITY_VERSION = 1;
				DYLIB_CURRENT_VERSION = 1;
				DYLIB_INSTALL_NAME_BASE = "@rpath";
				INFOPLIST_FILE = ArtistIOS/Config/Info.plist;
				INSTALL_PATH = "$(LOCAL_LIBRARY_DIR)/Frameworks";
				IPHONEOS_DEPLOYMENT_TARGET = 16.4;
				LD_RUNPATH_SEARCH_PATHS = (
					"$(inherited)",
					"@executable_path/Frameworks",
					"@loader_path/Frameworks",
				);
				PRODUCT_BUNDLE_IDENTIFIER = com.annabananas.Shawty.ArtistIOS;
				PRODUCT_NAME = ArtistIOS;
				SDKROOT = auto;
				SKIP_INSTALL = YES;
				SUPPORTED_PLATFORMS = "iphoneos iphonesimulator";
				SWIFT_COMPILATION_MODE = wholemodule;
				SWIFT_OPTIMIZATION_LEVEL = "-Owholemodule";
				SWIFT_VERSION = 5.0;
				TARGETED_DEVICE_FAMILY = "1,2";
				VERSIONING_SYSTEM = "apple-generic";
				VERSION_INFO_PREFIX = "";
			};
			name = Release;
		};
		345E1573A2E18F6014B07678 /* Release */ = {
			isa = XCBuildConfiguration;
			buildSettings = {
				CODE_SIGN_IDENTITY = "";
				"CODE_SIGN_IDENTITY[sdk=macosx*]" = "-";
				CURRENT_PROJECT_VERSION = 1;
				DEFINES_MODULE = YES;
				DYLIB_COMPATIBILITY_VERSION = 1;
				DYLIB_CURRENT_VERSION = 1;
				DYLIB_INSTALL_NAME_BASE = "@rpath";
				INFOPLIST_FILE = Artist/Config/Info.plist;
				INSTALL_PATH = "$(LOCAL_LIBRARY_DIR)/Frameworks";
				IPHONEOS_DEPLOYMENT_TARGET = 16.4;
				LD_RUNPATH_SEARCH_PATHS = (
					"$(inherited)",
					"@executable_path/Frameworks",
					"@loader_path/Frameworks",
				);
				MACOSX_DEPLOYMENT_TARGET = 13.2;
				PRODUCT_BUNDLE_IDENTIFIER = com.annabananas.Shawty.Artist;
				PRODUCT_NAME = Artist;
				SDKROOT = auto;
				SKIP_INSTALL = YES;
				SUPPORTED_PLATFORMS = "iphoneos iphonesimulator macosx";
				SWIFT_COMPILATION_MODE = wholemodule;
				SWIFT_OPTIMIZATION_LEVEL = "-Owholemodule";
				SWIFT_VERSION = 5.0;
				TARGETED_DEVICE_FAMILY = "1,2";
				VERSIONING_SYSTEM = "apple-generic";
				VERSION_INFO_PREFIX = "";
			};
			name = Release;
		};
		4B5635F234844EF97566F947 /* Debug */ = {
			isa = XCBuildConfiguration;
			buildSettings = {
				ASSETCATALOG_COMPILER_APPICON_NAME = AppIcon;
				CODE_SIGN_IDENTITY = "iPhone Developer";
				ENABLE_PREVIEWS = YES;
				INFOPLIST_FILE = ArtistApp/Config/Info.plist;
				IPHONEOS_DEPLOYMENT_TARGET = 16.4;
				LD_RUNPATH_SEARCH_PATHS = (
					"$(inherited)",
					"@executable_path/Frameworks",
				);
				PRODUCT_BUNDLE_IDENTIFIER = com.annabananas.Shawty.ArtistApp;
				PRODUCT_NAME = ArtistApp;
				SDKROOT = auto;
				SUPPORTED_PLATFORMS = "iphoneos iphonesimulator";
				SWIFT_ACTIVE_COMPILATION_CONDITIONS = DEBUG;
				SWIFT_COMPILATION_MODE = singlefile;
				SWIFT_OPTIMIZATION_LEVEL = "-Onone";
				SWIFT_VERSION = 5.0;
				TARGETED_DEVICE_FAMILY = "1,2";
			};
			name = Debug;
		};
		53D1DCF32B18D5720FBA2858 /* Release */ = {
			isa = XCBuildConfiguration;
			buildSettings = {
				ASSETCATALOG_COMPILER_APPICON_NAME = AppIcon;
				CODE_SIGN_IDENTITY = "iPhone Developer";
				ENABLE_PREVIEWS = YES;
				INFOPLIST_FILE = ArtistApp/Config/Info.plist;
				IPHONEOS_DEPLOYMENT_TARGET = 16.4;
				LD_RUNPATH_SEARCH_PATHS = (
					"$(inherited)",
					"@executable_path/Frameworks",
				);
				PRODUCT_BUNDLE_IDENTIFIER = com.annabananas.Shawty.ArtistApp;
				PRODUCT_NAME = ArtistApp;
				SDKROOT = auto;
				SUPPORTED_PLATFORMS = "iphoneos iphonesimulator";
				SWIFT_COMPILATION_MODE = wholemodule;
				SWIFT_OPTIMIZATION_LEVEL = "-Owholemodule";
				SWIFT_VERSION = 5.0;
				TARGETED_DEVICE_FAMILY = "1,2";
			};
			name = Release;
		};
		8146A5BD1700A5DCB5217508 /* Debug */ = {
			isa = XCBuildConfiguration;
			buildSettings = {
				CODE_SIGN_IDENTITY = "iPhone Developer";
				INFOPLIST_FILE = ArtistIOSTests/Config/Info.plist;
				IPHONEOS_DEPLOYMENT_TARGET = 16.4;
				LD_RUNPATH_SEARCH_PATHS = (
					"$(inherited)",
					"@executable_path/Frameworks",
					"@loader_path/Frameworks",
				);
				PRODUCT_BUNDLE_IDENTIFIER = com.annabananas.Shawty.ArtistIOSTests;
				PRODUCT_NAME = ArtistIOSTests;
				SDKROOT = auto;
				SUPPORTED_PLATFORMS = "iphoneos iphonesimulator";
				SWIFT_ACTIVE_COMPILATION_CONDITIONS = DEBUG;
				SWIFT_COMPILATION_MODE = singlefile;
				SWIFT_OPTIMIZATION_LEVEL = "-Onone";
				SWIFT_VERSION = 5.0;
				TARGETED_DEVICE_FAMILY = "1,2";
			};
			name = Debug;
		};
		88130B1B60DEC512A1614C3D /* Debug */ = {
			isa = XCBuildConfiguration;
			buildSettings = {
				CODE_SIGN_IDENTITY = "";
				CURRENT_PROJECT_VERSION = 1;
				DEFINES_MODULE = YES;
				DYLIB_COMPATIBILITY_VERSION = 1;
				DYLIB_CURRENT_VERSION = 1;
				DYLIB_INSTALL_NAME_BASE = "@rpath";
				INFOPLIST_FILE = ArtistIOS/Config/Info.plist;
				INSTALL_PATH = "$(LOCAL_LIBRARY_DIR)/Frameworks";
				IPHONEOS_DEPLOYMENT_TARGET = 16.4;
				LD_RUNPATH_SEARCH_PATHS = (
					"$(inherited)",
					"@executable_path/Frameworks",
					"@loader_path/Frameworks",
				);
				PRODUCT_BUNDLE_IDENTIFIER = com.annabananas.Shawty.ArtistIOS;
				PRODUCT_NAME = ArtistIOS;
				SDKROOT = auto;
				SKIP_INSTALL = YES;
				SUPPORTED_PLATFORMS = "iphoneos iphonesimulator";
				SWIFT_ACTIVE_COMPILATION_CONDITIONS = DEBUG;
				SWIFT_COMPILATION_MODE = singlefile;
				SWIFT_OPTIMIZATION_LEVEL = "-Onone";
				SWIFT_VERSION = 5.0;
				TARGETED_DEVICE_FAMILY = "1,2";
				VERSIONING_SYSTEM = "apple-generic";
				VERSION_INFO_PREFIX = "";
			};
			name = Debug;
		};
		9521105A08BB7B6D8B97FDD8 /* Release */ = {
			isa = XCBuildConfiguration;
			buildSettings = {
				CODE_SIGN_IDENTITY = "iPhone Developer";
				"CODE_SIGN_IDENTITY[sdk=macosx*]" = "-";
				INFOPLIST_FILE = ArtistAPIIntegrationTests/Config/Info.plist;
				IPHONEOS_DEPLOYMENT_TARGET = 16.4;
				LD_RUNPATH_SEARCH_PATHS = (
					"$(inherited)",
					"@executable_path/Frameworks",
					"@loader_path/Frameworks",
				);
				MACOSX_DEPLOYMENT_TARGET = 13.2;
				PRODUCT_BUNDLE_IDENTIFIER = com.annabananas.Shawty.ArtistAPIIntegrationTests;
				PRODUCT_NAME = ArtistAPIIntegrationTests;
				SDKROOT = auto;
				SUPPORTED_PLATFORMS = "iphoneos iphonesimulator macosx";
				SWIFT_COMPILATION_MODE = wholemodule;
				SWIFT_OPTIMIZATION_LEVEL = "-Owholemodule";
				SWIFT_VERSION = 5.0;
				TARGETED_DEVICE_FAMILY = "1,2";
			};
			name = Release;
		};
		C156A44BB2C1ACE9B22A9B2C /* Debug */ = {
			isa = XCBuildConfiguration;
			buildSettings = {
				CODE_SIGN_IDENTITY = "iPhone Developer";
				"CODE_SIGN_IDENTITY[sdk=macosx*]" = "-";
				INFOPLIST_FILE = ArtistAPIIntegrationTests/Config/Info.plist;
				IPHONEOS_DEPLOYMENT_TARGET = 16.4;
				LD_RUNPATH_SEARCH_PATHS = (
					"$(inherited)",
					"@executable_path/Frameworks",
					"@loader_path/Frameworks",
				);
				MACOSX_DEPLOYMENT_TARGET = 13.2;
				PRODUCT_BUNDLE_IDENTIFIER = com.annabananas.Shawty.ArtistAPIIntegrationTests;
				PRODUCT_NAME = ArtistAPIIntegrationTests;
				SDKROOT = auto;
				SUPPORTED_PLATFORMS = "iphoneos iphonesimulator macosx";
				SWIFT_ACTIVE_COMPILATION_CONDITIONS = DEBUG;
				SWIFT_COMPILATION_MODE = singlefile;
				SWIFT_OPTIMIZATION_LEVEL = "-Onone";
				SWIFT_VERSION = 5.0;
				TARGETED_DEVICE_FAMILY = "1,2";
			};
			name = Debug;
		};
		D581690C56D199E50465A9A5 /* Debug */ = {
			isa = XCBuildConfiguration;
			buildSettings = {
				ALWAYS_SEARCH_USER_PATHS = NO;
				CLANG_ANALYZER_LOCALIZABILITY_NONLOCALIZED = YES;
				CLANG_ANALYZER_NONNULL = YES;
				CLANG_ANALYZER_NUMBER_OBJECT_CONVERSION = YES_AGGRESSIVE;
				CLANG_CXX_LANGUAGE_STANDARD = "gnu++14";
				CLANG_CXX_LIBRARY = "libc++";
				CLANG_ENABLE_MODULES = YES;
				CLANG_ENABLE_OBJC_ARC = YES;
				CLANG_ENABLE_OBJC_WEAK = YES;
				CLANG_WARN_BLOCK_CAPTURE_AUTORELEASING = YES;
				CLANG_WARN_BOOL_CONVERSION = YES;
				CLANG_WARN_COMMA = YES;
				CLANG_WARN_CONSTANT_CONVERSION = YES;
				CLANG_WARN_DEPRECATED_OBJC_IMPLEMENTATIONS = YES;
				CLANG_WARN_DIRECT_OBJC_ISA_USAGE = YES_ERROR;
				CLANG_WARN_DOCUMENTATION_COMMENTS = YES;
				CLANG_WARN_EMPTY_BODY = YES;
				CLANG_WARN_ENUM_CONVERSION = YES;
				CLANG_WARN_INFINITE_RECURSION = YES;
				CLANG_WARN_INT_CONVERSION = YES;
				CLANG_WARN_NON_LITERAL_NULL_CONVERSION = YES;
				CLANG_WARN_OBJC_IMPLICIT_RETAIN_SELF = YES;
				CLANG_WARN_OBJC_LITERAL_CONVERSION = YES;
				CLANG_WARN_OBJC_ROOT_CLASS = YES_ERROR;
				CLANG_WARN_QUOTED_INCLUDE_IN_FRAMEWORK_HEADER = YES;
				CLANG_WARN_RANGE_LOOP_ANALYSIS = YES;
				CLANG_WARN_STRICT_PROTOTYPES = YES;
				CLANG_WARN_SUSPICIOUS_MOVE = YES;
				CLANG_WARN_UNGUARDED_AVAILABILITY = YES_AGGRESSIVE;
				CLANG_WARN_UNREACHABLE_CODE = YES;
				CLANG_WARN__DUPLICATE_METHOD_MATCH = YES;
				COPY_PHASE_STRIP = NO;
				DEAD_CODE_STRIPPING = YES;
				DEBUG_INFORMATION_FORMAT = dwarf;
				ENABLE_STRICT_OBJC_MSGSEND = YES;
				ENABLE_TESTABILITY = YES;
				GCC_C_LANGUAGE_STANDARD = gnu11;
				GCC_DYNAMIC_NO_PIC = NO;
				GCC_NO_COMMON_BLOCKS = YES;
				GCC_OPTIMIZATION_LEVEL = 0;
				GCC_PREPROCESSOR_DEFINITIONS = (
					"DEBUG=1",
					"$(inherited)",
				);
				GCC_WARN_64_TO_32_BIT_CONVERSION = YES;
				GCC_WARN_ABOUT_RETURN_TYPE = YES_ERROR;
				GCC_WARN_UNDECLARED_SELECTOR = YES;
				GCC_WARN_UNINITIALIZED_AUTOS = YES_AGGRESSIVE;
				GCC_WARN_UNUSED_FUNCTION = YES;
				GCC_WARN_UNUSED_VARIABLE = YES;
				MTL_ENABLE_DEBUG_INFO = YES;
				ONLY_ACTIVE_ARCH = YES;
				PRODUCT_NAME = "$(TARGET_NAME)";
			};
			name = Debug;
		};
		E431B44BEB19916E23ECD947 /* Release */ = {
			isa = XCBuildConfiguration;
			buildSettings = {
				ALWAYS_SEARCH_USER_PATHS = NO;
				CLANG_ANALYZER_LOCALIZABILITY_NONLOCALIZED = YES;
				CLANG_ANALYZER_NONNULL = YES;
				CLANG_ANALYZER_NUMBER_OBJECT_CONVERSION = YES_AGGRESSIVE;
				CLANG_CXX_LANGUAGE_STANDARD = "gnu++14";
				CLANG_CXX_LIBRARY = "libc++";
				CLANG_ENABLE_MODULES = YES;
				CLANG_ENABLE_OBJC_ARC = YES;
				CLANG_ENABLE_OBJC_WEAK = YES;
				CLANG_WARN_BLOCK_CAPTURE_AUTORELEASING = YES;
				CLANG_WARN_BOOL_CONVERSION = YES;
				CLANG_WARN_COMMA = YES;
				CLANG_WARN_CONSTANT_CONVERSION = YES;
				CLANG_WARN_DEPRECATED_OBJC_IMPLEMENTATIONS = YES;
				CLANG_WARN_DIRECT_OBJC_ISA_USAGE = YES_ERROR;
				CLANG_WARN_DOCUMENTATION_COMMENTS = YES;
				CLANG_WARN_EMPTY_BODY = YES;
				CLANG_WARN_ENUM_CONVERSION = YES;
				CLANG_WARN_INFINITE_RECURSION = YES;
				CLANG_WARN_INT_CONVERSION = YES;
				CLANG_WARN_NON_LITERAL_NULL_CONVERSION = YES;
				CLANG_WARN_OBJC_IMPLICIT_RETAIN_SELF = YES;
				CLANG_WARN_OBJC_LITERAL_CONVERSION = YES;
				CLANG_WARN_OBJC_ROOT_CLASS = YES_ERROR;
				CLANG_WARN_QUOTED_INCLUDE_IN_FRAMEWORK_HEADER = YES;
				CLANG_WARN_RANGE_LOOP_ANALYSIS = YES;
				CLANG_WARN_STRICT_PROTOTYPES = YES;
				CLANG_WARN_SUSPICIOUS_MOVE = YES;
				CLANG_WARN_UNGUARDED_AVAILABILITY = YES_AGGRESSIVE;
				CLANG_WARN_UNREACHABLE_CODE = YES;
				CLANG_WARN__DUPLICATE_METHOD_MATCH = YES;
				COPY_PHASE_STRIP = NO;
				DEAD_CODE_STRIPPING = YES;
				DEBUG_INFORMATION_FORMAT = "dwarf-with-dsym";
				ENABLE_NS_ASSERTIONS = NO;
				ENABLE_STRICT_OBJC_MSGSEND = YES;
				GCC_C_LANGUAGE_STANDARD = gnu11;
				GCC_NO_COMMON_BLOCKS = YES;
				GCC_WARN_64_TO_32_BIT_CONVERSION = YES;
				GCC_WARN_ABOUT_RETURN_TYPE = YES_ERROR;
				GCC_WARN_UNDECLARED_SELECTOR = YES;
				GCC_WARN_UNINITIALIZED_AUTOS = YES_AGGRESSIVE;
				GCC_WARN_UNUSED_FUNCTION = YES;
				GCC_WARN_UNUSED_VARIABLE = YES;
				MTL_ENABLE_DEBUG_INFO = NO;
				PRODUCT_NAME = "$(TARGET_NAME)";
				VALIDATE_PRODUCT = YES;
			};
			name = Release;
		};
		F2053082067771A2D85FCBF2 /* Release */ = {
			isa = XCBuildConfiguration;
			buildSettings = {
				CODE_SIGN_IDENTITY = "iPhone Developer";
				"CODE_SIGN_IDENTITY[sdk=macosx*]" = "-";
				INFOPLIST_FILE = ArtistTests/Config/Info.plist;
				IPHONEOS_DEPLOYMENT_TARGET = 16.4;
				LD_RUNPATH_SEARCH_PATHS = (
					"$(inherited)",
					"@executable_path/Frameworks",
					"@loader_path/Frameworks",
				);
				MACOSX_DEPLOYMENT_TARGET = 13.2;
				PRODUCT_BUNDLE_IDENTIFIER = com.annabananas.Shawty.ArtistTests;
				PRODUCT_NAME = ArtistTests;
				SDKROOT = auto;
				SUPPORTED_PLATFORMS = "iphoneos iphonesimulator macosx";
				SWIFT_COMPILATION_MODE = wholemodule;
				SWIFT_OPTIMIZATION_LEVEL = "-Owholemodule";
				SWIFT_VERSION = 5.0;
				TARGETED_DEVICE_FAMILY = "1,2";
			};
			name = Release;
		};
/* End XCBuildConfiguration section */

/* Begin XCConfigurationList section */
		1728C8AA031A404AEC5A0773 /* Build configuration list for PBXNativeTarget "ArtistIOS" */ = {
			isa = XCConfigurationList;
			buildConfigurations = (
				88130B1B60DEC512A1614C3D /* Debug */,
				25A70A490F772A60E4C98492 /* Release */,
			);
			defaultConfigurationIsVisible = 0;
			defaultConfigurationName = Release;
		};
		17E876DA3ED4502E992483A6 /* Build configuration list for PBXNativeTarget "Artist" */ = {
			isa = XCConfigurationList;
			buildConfigurations = (
				1D912B4EBC19D7BAEA7D389F /* Debug */,
				345E1573A2E18F6014B07678 /* Release */,
			);
			defaultConfigurationIsVisible = 0;
			defaultConfigurationName = Release;
		};
		6365C596DD1AFCAED1AFCA71 /* Build configuration list for PBXNativeTarget "ArtistAPIIntegrationTests" */ = {
			isa = XCConfigurationList;
			buildConfigurations = (
				C156A44BB2C1ACE9B22A9B2C /* Debug */,
				9521105A08BB7B6D8B97FDD8 /* Release */,
			);
			defaultConfigurationIsVisible = 0;
			defaultConfigurationName = Release;
		};
		7F49DD57BFDB6146F3EB73F7 /* Build configuration list for PBXNativeTarget "ArtistTests" */ = {
			isa = XCConfigurationList;
			buildConfigurations = (
				0C16B19156F28F77FBEE9B4F /* Debug */,
				F2053082067771A2D85FCBF2 /* Release */,
			);
			defaultConfigurationIsVisible = 0;
			defaultConfigurationName = Release;
		};
		B930DE3964781D640049E461 /* Build configuration list for PBXNativeTarget "ArtistApp" */ = {
			isa = XCConfigurationList;
			buildConfigurations = (
				4B5635F234844EF97566F947 /* Debug */,
				53D1DCF32B18D5720FBA2858 /* Release */,
			);
			defaultConfigurationIsVisible = 0;
			defaultConfigurationName = Release;
		};
		BD3150C2E4392EF07C13C826 /* Build configuration list for PBXProject "Artist" */ = {
			isa = XCConfigurationList;
			buildConfigurations = (
				D581690C56D199E50465A9A5 /* Debug */,
				E431B44BEB19916E23ECD947 /* Release */,
			);
			defaultConfigurationIsVisible = 0;
			defaultConfigurationName = Release;
		};
		F3DA3E7B004DD5B8CC0E7A6E /* Build configuration list for PBXNativeTarget "ArtistIOSTests" */ = {
			isa = XCConfigurationList;
			buildConfigurations = (
				8146A5BD1700A5DCB5217508 /* Debug */,
				1DE788B8BF58F2A4E567B11E /* Release */,
			);
			defaultConfigurationIsVisible = 0;
			defaultConfigurationName = Release;
		};
/* End XCConfigurationList section */
	};
	rootObject = 0021B1B90C0B303370749365 /* Project object */;
}
